// !$*UTF8*$!
{
	archiveVersion = 1;
	classes = {
	};
	objectVersion = 56;
	objects = {

/* Begin PBXBuildFile section */
		D9B29E75296F509D003E8825 /* AppleMusicApp.swift in Sources */ = {isa = PBXBuildFile; fileRef = D9B29E74296F509D003E8825 /* AppleMusicApp.swift */; };
		D9B29E79296F509E003E8825 /* Assets.xcassets in Resources */ = {isa = PBXBuildFile; fileRef = D9B29E78296F509E003E8825 /* Assets.xcassets */; };
		D9B29E7C296F509E003E8825 /* Preview Assets.xcassets in Resources */ = {isa = PBXBuildFile; fileRef = D9B29E7B296F509E003E8825 /* Preview Assets.xcassets */; };
		D9B29E88296F58B4003E8825 /* MainView.swift in Sources */ = {isa = PBXBuildFile; fileRef = D9B29E87296F58B4003E8825 /* MainView.swift */; };
		D9B29E8B296F5934003E8825 /* PlayerView.swift in Sources */ = {isa = PBXBuildFile; fileRef = D9B29E8A296F5934003E8825 /* PlayerView.swift */; };
		D9B29E8D296F5959003E8825 /* MediaPlayerDetailView.swift in Sources */ = {isa = PBXBuildFile; fileRef = D9B29E8C296F5959003E8825 /* MediaPlayerDetailView.swift */; };
		D9B29E90296F5987003E8825 /* ImageView.swift in Sources */ = {isa = PBXBuildFile; fileRef = D9B29E8F296F5987003E8825 /* ImageView.swift */; };
		D9B29E92296F59A3003E8825 /* TrackInfoView.swift in Sources */ = {isa = PBXBuildFile; fileRef = D9B29E91296F59A3003E8825 /* TrackInfoView.swift */; };
		D9B29E94296F59BD003E8825 /* PlayerMenu.swift in Sources */ = {isa = PBXBuildFile; fileRef = D9B29E93296F59BD003E8825 /* PlayerMenu.swift */; };
		D9B29E96296F59D2003E8825 /* TimeView.swift in Sources */ = {isa = PBXBuildFile; fileRef = D9B29E95296F59D2003E8825 /* TimeView.swift */; };
		D9B29E98296F59E7003E8825 /* PlayButtonView.swift in Sources */ = {isa = PBXBuildFile; fileRef = D9B29E97296F59E7003E8825 /* PlayButtonView.swift */; };
		D9B29E9A296F5A00003E8825 /* VolumeView.swift in Sources */ = {isa = PBXBuildFile; fileRef = D9B29E99296F5A00003E8825 /* VolumeView.swift */; };
		D9B29E9C296F5A14003E8825 /* BottomButtonsView.swift in Sources */ = {isa = PBXBuildFile; fileRef = D9B29E9B296F5A14003E8825 /* BottomButtonsView.swift */; };
		D9B29EA0296F5AB9003E8825 /* LibraryView.swift in Sources */ = {isa = PBXBuildFile; fileRef = D9B29E9F296F5AB9003E8825 /* LibraryView.swift */; };
		D9B29EA3296F5AEC003E8825 /* ListView.swift in Sources */ = {isa = PBXBuildFile; fileRef = D9B29EA2296F5AEC003E8825 /* ListView.swift */; };
		D9B29EA5296F5B06003E8825 /* MediaRowView.swift in Sources */ = {isa = PBXBuildFile; fileRef = D9B29EA4296F5B06003E8825 /* MediaRowView.swift */; };
		D9B29EA8296F5B37003E8825 /* ListModel.swift in Sources */ = {isa = PBXBuildFile; fileRef = D9B29EA7296F5B37003E8825 /* ListModel.swift */; };
		D9B29EAB296F5B9A003E8825 /* RadioView.swift in Sources */ = {isa = PBXBuildFile; fileRef = D9B29EAA296F5B9A003E8825 /* RadioView.swift */; };
		D9B29EAE296F5BBA003E8825 /* RadioModel.swift in Sources */ = {isa = PBXBuildFile; fileRef = D9B29EAD296F5BBA003E8825 /* RadioModel.swift */; };
		D9B29EB1296F5C19003E8825 /* RadioSectionView.swift in Sources */ = {isa = PBXBuildFile; fileRef = D9B29EB0296F5C19003E8825 /* RadioSectionView.swift */; };
		D9B29EB3296F5C51003E8825 /* StationView.swift in Sources */ = {isa = PBXBuildFile; fileRef = D9B29EB2296F5C51003E8825 /* StationView.swift */; };
		D9B29EB5296F5C63003E8825 /* StationSectionView.swift in Sources */ = {isa = PBXBuildFile; fileRef = D9B29EB4296F5C63003E8825 /* StationSectionView.swift */; };
/* End PBXBuildFile section */

/* Begin PBXFileReference section */
		D9B29E71296F509D003E8825 /* AppleMusic.app */ = {isa = PBXFileReference; explicitFileType = wrapper.application; includeInIndex = 0; path = AppleMusic.app; sourceTree = BUILT_PRODUCTS_DIR; };
		D9B29E74296F509D003E8825 /* AppleMusicApp.swift */ = {isa = PBXFileReference; lastKnownFileType = sourcecode.swift; path = AppleMusicApp.swift; sourceTree = "<group>"; };
		D9B29E78296F509E003E8825 /* Assets.xcassets */ = {isa = PBXFileReference; lastKnownFileType = folder.assetcatalog; path = Assets.xcassets; sourceTree = "<group>"; };
		D9B29E7B296F509E003E8825 /* Preview Assets.xcassets */ = {isa = PBXFileReference; lastKnownFileType = folder.assetcatalog; path = "Preview Assets.xcassets"; sourceTree = "<group>"; };
		D9B29E87296F58B4003E8825 /* MainView.swift */ = {isa = PBXFileReference; lastKnownFileType = sourcecode.swift; path = MainView.swift; sourceTree = "<group>"; };
		D9B29E8A296F5934003E8825 /* PlayerView.swift */ = {isa = PBXFileReference; lastKnownFileType = sourcecode.swift; path = PlayerView.swift; sourceTree = "<group>"; };
		D9B29E8C296F5959003E8825 /* MediaPlayerDetailView.swift */ = {isa = PBXFileReference; lastKnownFileType = sourcecode.swift; path = MediaPlayerDetailView.swift; sourceTree = "<group>"; };
		D9B29E8F296F5987003E8825 /* ImageView.swift */ = {isa = PBXFileReference; lastKnownFileType = sourcecode.swift; path = ImageView.swift; sourceTree = "<group>"; };
		D9B29E91296F59A3003E8825 /* TrackInfoView.swift */ = {isa = PBXFileReference; lastKnownFileType = sourcecode.swift; path = TrackInfoView.swift; sourceTree = "<group>"; };
		D9B29E93296F59BD003E8825 /* PlayerMenu.swift */ = {isa = PBXFileReference; lastKnownFileType = sourcecode.swift; path = PlayerMenu.swift; sourceTree = "<group>"; };
		D9B29E95296F59D2003E8825 /* TimeView.swift */ = {isa = PBXFileReference; lastKnownFileType = sourcecode.swift; path = TimeView.swift; sourceTree = "<group>"; };
		D9B29E97296F59E7003E8825 /* PlayButtonView.swift */ = {isa = PBXFileReference; lastKnownFileType = sourcecode.swift; path = PlayButtonView.swift; sourceTree = "<group>"; };
		D9B29E99296F5A00003E8825 /* VolumeView.swift */ = {isa = PBXFileReference; lastKnownFileType = sourcecode.swift; path = VolumeView.swift; sourceTree = "<group>"; };
		D9B29E9B296F5A14003E8825 /* BottomButtonsView.swift */ = {isa = PBXFileReference; lastKnownFileType = sourcecode.swift; path = BottomButtonsView.swift; sourceTree = "<group>"; };
		D9B29E9F296F5AB9003E8825 /* LibraryView.swift */ = {isa = PBXFileReference; lastKnownFileType = sourcecode.swift; path = LibraryView.swift; sourceTree = "<group>"; };
		D9B29EA2296F5AEC003E8825 /* ListView.swift */ = {isa = PBXFileReference; lastKnownFileType = sourcecode.swift; path = ListView.swift; sourceTree = "<group>"; };
		D9B29EA4296F5B06003E8825 /* MediaRowView.swift */ = {isa = PBXFileReference; lastKnownFileType = sourcecode.swift; path = MediaRowView.swift; sourceTree = "<group>"; };
		D9B29EA7296F5B37003E8825 /* ListModel.swift */ = {isa = PBXFileReference; lastKnownFileType = sourcecode.swift; path = ListModel.swift; sourceTree = "<group>"; };
		D9B29EAA296F5B9A003E8825 /* RadioView.swift */ = {isa = PBXFileReference; lastKnownFileType = sourcecode.swift; path = RadioView.swift; sourceTree = "<group>"; };
		D9B29EAD296F5BBA003E8825 /* RadioModel.swift */ = {isa = PBXFileReference; lastKnownFileType = sourcecode.swift; path = RadioModel.swift; sourceTree = "<group>"; };
		D9B29EB0296F5C19003E8825 /* RadioSectionView.swift */ = {isa = PBXFileReference; lastKnownFileType = sourcecode.swift; path = RadioSectionView.swift; sourceTree = "<group>"; };
		D9B29EB2296F5C51003E8825 /* StationView.swift */ = {isa = PBXFileReference; lastKnownFileType = sourcecode.swift; path = StationView.swift; sourceTree = "<group>"; };
		D9B29EB4296F5C63003E8825 /* StationSectionView.swift */ = {isa = PBXFileReference; lastKnownFileType = sourcecode.swift; path = StationSectionView.swift; sourceTree = "<group>"; };
/* End PBXFileReference section */

/* Begin PBXFrameworksBuildPhase section */
		D9B29E6E296F509D003E8825 /* Frameworks */ = {
			isa = PBXFrameworksBuildPhase;
			buildActionMask = 2147483647;
			files = (
			);
			runOnlyForDeploymentPostprocessing = 0;
		};
/* End PBXFrameworksBuildPhase section */

/* Begin PBXGroup section */
		D9B29E68296F509D003E8825 = {
			isa = PBXGroup;
			children = (
				D9B29E73296F509D003E8825 /* AppleMusic */,
				D9B29E72296F509D003E8825 /* Products */,
			);
			sourceTree = "<group>";
		};
		D9B29E72296F509D003E8825 /* Products */ = {
			isa = PBXGroup;
			children = (
				D9B29E71296F509D003E8825 /* AppleMusic.app */,
			);
			name = Products;
			sourceTree = "<group>";
		};
		D9B29E73296F509D003E8825 /* AppleMusic */ = {
			isa = PBXGroup;
			children = (
				D9B29E84296F583D003E8825 /* Sources */,
				D9B29E82296F524D003E8825 /* Resources */,
			);
			path = AppleMusic;
			sourceTree = "<group>";
		};
		D9B29E7A296F509E003E8825 /* Preview Content */ = {
			isa = PBXGroup;
			children = (
				D9B29E7B296F509E003E8825 /* Preview Assets.xcassets */,
			);
			path = "Preview Content";
			sourceTree = "<group>";
		};
		D9B29E82296F524D003E8825 /* Resources */ = {
			isa = PBXGroup;
			children = (
				D9B29E78296F509E003E8825 /* Assets.xcassets */,
				D9B29E7A296F509E003E8825 /* Preview Content */,
			);
			path = Resources;
			sourceTree = "<group>";
		};
		D9B29E84296F583D003E8825 /* Sources */ = {
			isa = PBXGroup;
			children = (
				D9B29E85296F584E003E8825 /* App */,
				D9B29E86296F587B003E8825 /* MainModule */,
				D9B29E89296F5915003E8825 /* PlayerModule */,
				D9B29E9D296F5A84003E8825 /* MediaModule */,
				D9B29EA9296F5B7D003E8825 /* RadioModule */,
			);
			path = Sources;
			sourceTree = "<group>";
		};
		D9B29E85296F584E003E8825 /* App */ = {
			isa = PBXGroup;
			children = (
				D9B29E74296F509D003E8825 /* AppleMusicApp.swift */,
			);
			path = App;
			sourceTree = "<group>";
		};
		D9B29E86296F587B003E8825 /* MainModule */ = {
			isa = PBXGroup;
			children = (
				D9B29E87296F58B4003E8825 /* MainView.swift */,
			);
			path = MainModule;
			sourceTree = "<group>";
		};
		D9B29E89296F5915003E8825 /* PlayerModule */ = {
			isa = PBXGroup;
			children = (
				D9B29E8A296F5934003E8825 /* PlayerView.swift */,
				D9B29E8C296F5959003E8825 /* MediaPlayerDetailView.swift */,
				D9B29E8E296F5973003E8825 /* Helpers */,
			);
			path = PlayerModule;
			sourceTree = "<group>";
		};
		D9B29E8E296F5973003E8825 /* Helpers */ = {
			isa = PBXGroup;
			children = (
				D9B29E8F296F5987003E8825 /* ImageView.swift */,
				D9B29E91296F59A3003E8825 /* TrackInfoView.swift */,
				D9B29E93296F59BD003E8825 /* PlayerMenu.swift */,
				D9B29E95296F59D2003E8825 /* TimeView.swift */,
				D9B29E97296F59E7003E8825 /* PlayButtonView.swift */,
				D9B29E99296F5A00003E8825 /* VolumeView.swift */,
				D9B29E9B296F5A14003E8825 /* BottomButtonsView.swift */,
			);
			path = Helpers;
			sourceTree = "<group>";
		};
		D9B29E9D296F5A84003E8825 /* MediaModule */ = {
			isa = PBXGroup;
			children = (
				D9B29E9E296F5AAC003E8825 /* LibraryView */,
				D9B29EA1296F5AD8003E8825 /* ListView */,
			);
			path = MediaModule;
			sourceTree = "<group>";
		};
		D9B29E9E296F5AAC003E8825 /* LibraryView */ = {
			isa = PBXGroup;
			children = (
				D9B29E9F296F5AB9003E8825 /* LibraryView.swift */,
			);
			path = LibraryView;
			sourceTree = "<group>";
		};
		D9B29EA1296F5AD8003E8825 /* ListView */ = {
			isa = PBXGroup;
			children = (
				D9B29EA2296F5AEC003E8825 /* ListView.swift */,
				D9B29EA4296F5B06003E8825 /* MediaRowView.swift */,
				D9B29EA6296F5B19003E8825 /* Model */,
			);
			path = ListView;
			sourceTree = "<group>";
		};
		D9B29EA6296F5B19003E8825 /* Model */ = {
			isa = PBXGroup;
			children = (
				D9B29EA7296F5B37003E8825 /* ListModel.swift */,
			);
			path = Model;
			sourceTree = "<group>";
		};
		D9B29EA9296F5B7D003E8825 /* RadioModule */ = {
			isa = PBXGroup;
			children = (
				D9B29EAA296F5B9A003E8825 /* RadioView.swift */,
				D9B29EAF296F5C0B003E8825 /*  Helpers */,
				D9B29EAC296F5BAD003E8825 /* Model */,
			);
			path = RadioModule;
			sourceTree = "<group>";
		};
		D9B29EAC296F5BAD003E8825 /* Model */ = {
			isa = PBXGroup;
			children = (
				D9B29EAD296F5BBA003E8825 /* RadioModel.swift */,
			);
			path = Model;
			sourceTree = "<group>";
		};
		D9B29EAF296F5C0B003E8825 /*  Helpers */ = {
			isa = PBXGroup;
			children = (
				D9B29EB0296F5C19003E8825 /* RadioSectionView.swift */,
				D9B29EB2296F5C51003E8825 /* StationView.swift */,
				D9B29EB4296F5C63003E8825 /* StationSectionView.swift */,
			);
			path = " Helpers";
			sourceTree = "<group>";
		};
/* End PBXGroup section */

/* Begin PBXNativeTarget section */
		D9B29E70296F509D003E8825 /* AppleMusic */ = {
			isa = PBXNativeTarget;
			buildConfigurationList = D9B29E7F296F509E003E8825 /* Build configuration list for PBXNativeTarget "AppleMusic" */;
			buildPhases = (
				D9B29E6D296F509D003E8825 /* Sources */,
				D9B29E6E296F509D003E8825 /* Frameworks */,
				D9B29E6F296F509D003E8825 /* Resources */,
			);
			buildRules = (
			);
			dependencies = (
			);
			name = AppleMusic;
			productName = AppleMusic;
			productReference = D9B29E71296F509D003E8825 /* AppleMusic.app */;
			productType = "com.apple.product-type.application";
		};
/* End PBXNativeTarget section */

/* Begin PBXProject section */
		D9B29E69296F509D003E8825 /* Project object */ = {
			isa = PBXProject;
			attributes = {
				BuildIndependentTargetsInParallel = 1;
				LastSwiftUpdateCheck = 1420;
				LastUpgradeCheck = 1420;
				TargetAttributes = {
					D9B29E70296F509D003E8825 = {
						CreatedOnToolsVersion = 14.2;
					};
				};
			};
			buildConfigurationList = D9B29E6C296F509D003E8825 /* Build configuration list for PBXProject "AppleMusic" */;
			compatibilityVersion = "Xcode 14.0";
			developmentRegion = en;
			hasScannedForEncodings = 0;
			knownRegions = (
				en,
				Base,
			);
			mainGroup = D9B29E68296F509D003E8825;
			productRefGroup = D9B29E72296F509D003E8825 /* Products */;
			projectDirPath = "";
			projectRoot = "";
			targets = (
				D9B29E70296F509D003E8825 /* AppleMusic */,
			);
		};
/* End PBXProject section */

/* Begin PBXResourcesBuildPhase section */
		D9B29E6F296F509D003E8825 /* Resources */ = {
			isa = PBXResourcesBuildPhase;
			buildActionMask = 2147483647;
			files = (
				D9B29E7C296F509E003E8825 /* Preview Assets.xcassets in Resources */,
				D9B29E79296F509E003E8825 /* Assets.xcassets in Resources */,
			);
			runOnlyForDeploymentPostprocessing = 0;
		};
/* End PBXResourcesBuildPhase section */

/* Begin PBXSourcesBuildPhase section */
		D9B29E6D296F509D003E8825 /* Sources */ = {
			isa = PBXSourcesBuildPhase;
			buildActionMask = 2147483647;
			files = (
				D9B29EB3296F5C51003E8825 /* StationView.swift in Sources */,
				D9B29EB5296F5C63003E8825 /* StationSectionView.swift in Sources */,
				D9B29E90296F5987003E8825 /* ImageView.swift in Sources */,
				D9B29E98296F59E7003E8825 /* PlayButtonView.swift in Sources */,
				D9B29E92296F59A3003E8825 /* TrackInfoView.swift in Sources */,
				D9B29E9A296F5A00003E8825 /* VolumeView.swift in Sources */,
				D9B29EAB296F5B9A003E8825 /* RadioView.swift in Sources */,
				D9B29EA0296F5AB9003E8825 /* LibraryView.swift in Sources */,
				D9B29EB1296F5C19003E8825 /* RadioSectionView.swift in Sources */,
				D9B29E9C296F5A14003E8825 /* BottomButtonsView.swift in Sources */,
				D9B29EA8296F5B37003E8825 /* ListModel.swift in Sources */,
				D9B29E75296F509D003E8825 /* AppleMusicApp.swift in Sources */,
				D9B29E88296F58B4003E8825 /* MainView.swift in Sources */,
				D9B29E96296F59D2003E8825 /* TimeView.swift in Sources */,
				D9B29EA3296F5AEC003E8825 /* ListView.swift in Sources */,
				D9B29E94296F59BD003E8825 /* PlayerMenu.swift in Sources */,
				D9B29EAE296F5BBA003E8825 /* RadioModel.swift in Sources */,
				D9B29E8D296F5959003E8825 /* MediaPlayerDetailView.swift in Sources */,
				D9B29EA5296F5B06003E8825 /* MediaRowView.swift in Sources */,
				D9B29E8B296F5934003E8825 /* PlayerView.swift in Sources */,
			);
			runOnlyForDeploymentPostprocessing = 0;
		};
/* End PBXSourcesBuildPhase section */

/* Begin XCBuildConfiguration section */
		D9B29E7D296F509E003E8825 /* Debug */ = {
			isa = XCBuildConfiguration;
			buildSettings = {
				ALWAYS_SEARCH_USER_PATHS = NO;
				CLANG_ANALYZER_NONNULL = YES;
				CLANG_ANALYZER_NUMBER_OBJECT_CONVERSION = YES_AGGRESSIVE;
				CLANG_CXX_LANGUAGE_STANDARD = "gnu++20";
				CLANG_ENABLE_MODULES = YES;
				CLANG_ENABLE_OBJC_ARC = YES;
				CLANG_ENABLE_OBJC_WEAK = YES;
				CLANG_WARN_BLOCK_CAPTURE_AUTORELEASING = YES;
				CLANG_WARN_BOOL_CONVERSION = YES;
				CLANG_WARN_COMMA = YES;
				CLANG_WARN_CONSTANT_CONVERSION = YES;
				CLANG_WARN_DEPRECATED_OBJC_IMPLEMENTATIONS = YES;
				CLANG_WARN_DIRECT_OBJC_ISA_USAGE = YES_ERROR;
				CLANG_WARN_DOCUMENTATION_COMMENTS = YES;
				CLANG_WARN_EMPTY_BODY = YES;
				CLANG_WARN_ENUM_CONVERSION = YES;
				CLANG_WARN_INFINITE_RECURSION = YES;
				CLANG_WARN_INT_CONVERSION = YES;
				CLANG_WARN_NON_LITERAL_NULL_CONVERSION = YES;
				CLANG_WARN_OBJC_IMPLICIT_RETAIN_SELF = YES;
				CLANG_WARN_OBJC_LITERAL_CONVERSION = YES;
				CLANG_WARN_OBJC_ROOT_CLASS = YES_ERROR;
				CLANG_WARN_QUOTED_INCLUDE_IN_FRAMEWORK_HEADER = YES;
				CLANG_WARN_RANGE_LOOP_ANALYSIS = YES;
				CLANG_WARN_STRICT_PROTOTYPES = YES;
				CLANG_WARN_SUSPICIOUS_MOVE = YES;
				CLANG_WARN_UNGUARDED_AVAILABILITY = YES_AGGRESSIVE;
				CLANG_WARN_UNREACHABLE_CODE = YES;
				CLANG_WARN__DUPLICATE_METHOD_MATCH = YES;
				COPY_PHASE_STRIP = NO;
				DEBUG_INFORMATION_FORMAT = dwarf;
				ENABLE_STRICT_OBJC_MSGSEND = YES;
				ENABLE_TESTABILITY = YES;
				GCC_C_LANGUAGE_STANDARD = gnu11;
				GCC_DYNAMIC_NO_PIC = NO;
				GCC_NO_COMMON_BLOCKS = YES;
				GCC_OPTIMIZATION_LEVEL = 0;
				GCC_PREPROCESSOR_DEFINITIONS = (
					"DEBUG=1",
					"$(inherited)",
				);
				GCC_WARN_64_TO_32_BIT_CONVERSION = YES;
				GCC_WARN_ABOUT_RETURN_TYPE = YES_ERROR;
				GCC_WARN_UNDECLARED_SELECTOR = YES;
				GCC_WARN_UNINITIALIZED_AUTOS = YES_AGGRESSIVE;
				GCC_WARN_UNUSED_FUNCTION = YES;
				GCC_WARN_UNUSED_VARIABLE = YES;
				IPHONEOS_DEPLOYMENT_TARGET = 16.2;
				MTL_ENABLE_DEBUG_INFO = INCLUDE_SOURCE;
				MTL_FAST_MATH = YES;
				ONLY_ACTIVE_ARCH = YES;
				SDKROOT = iphoneos;
				SWIFT_ACTIVE_COMPILATION_CONDITIONS = DEBUG;
				SWIFT_OPTIMIZATION_LEVEL = "-Onone";
			};
			name = Debug;
		};
		D9B29E7E296F509E003E8825 /* Release */ = {
			isa = XCBuildConfiguration;
			buildSettings = {
				ALWAYS_SEARCH_USER_PATHS = NO;
				CLANG_ANALYZER_NONNULL = YES;
				CLANG_ANALYZER_NUMBER_OBJECT_CONVERSION = YES_AGGRESSIVE;
				CLANG_CXX_LANGUAGE_STANDARD = "gnu++20";
				CLANG_ENABLE_MODULES = YES;
				CLANG_ENABLE_OBJC_ARC = YES;
				CLANG_ENABLE_OBJC_WEAK = YES;
				CLANG_WARN_BLOCK_CAPTURE_AUTORELEASING = YES;
				CLANG_WARN_BOOL_CONVERSION = YES;
				CLANG_WARN_COMMA = YES;
				CLANG_WARN_CONSTANT_CONVERSION = YES;
				CLANG_WARN_DEPRECATED_OBJC_IMPLEMENTATIONS = YES;
				CLANG_WARN_DIRECT_OBJC_ISA_USAGE = YES_ERROR;
				CLANG_WARN_DOCUMENTATION_COMMENTS = YES;
				CLANG_WARN_EMPTY_BODY = YES;
				CLANG_WARN_ENUM_CONVERSION = YES;
				CLANG_WARN_INFINITE_RECURSION = YES;
				CLANG_WARN_INT_CONVERSION = YES;
				CLANG_WARN_NON_LITERAL_NULL_CONVERSION = YES;
				CLANG_WARN_OBJC_IMPLICIT_RETAIN_SELF = YES;
				CLANG_WARN_OBJC_LITERAL_CONVERSION = YES;
				CLANG_WARN_OBJC_ROOT_CLASS = YES_ERROR;
				CLANG_WARN_QUOTED_INCLUDE_IN_FRAMEWORK_HEADER = YES;
				CLANG_WARN_RANGE_LOOP_ANALYSIS = YES;
				CLANG_WARN_STRICT_PROTOTYPES = YES;
				CLANG_WARN_SUSPICIOUS_MOVE = YES;
				CLANG_WARN_UNGUARDED_AVAILABILITY = YES_AGGRESSIVE;
				CLANG_WARN_UNREACHABLE_CODE = YES;
				CLANG_WARN__DUPLICATE_METHOD_MATCH = YES;
				COPY_PHASE_STRIP = NO;
				DEBUG_INFORMATION_FORMAT = "dwarf-with-dsym";
				ENABLE_NS_ASSERTIONS = NO;
				ENABLE_STRICT_OBJC_MSGSEND = YES;
				GCC_C_LANGUAGE_STANDARD = gnu11;
				GCC_NO_COMMON_BLOCKS = YES;
				GCC_WARN_64_TO_32_BIT_CONVERSION = YES;
				GCC_WARN_ABOUT_RETURN_TYPE = YES_ERROR;
				GCC_WARN_UNDECLARED_SELECTOR = YES;
				GCC_WARN_UNINITIALIZED_AUTOS = YES_AGGRESSIVE;
				GCC_WARN_UNUSED_FUNCTION = YES;
				GCC_WARN_UNUSED_VARIABLE = YES;
				IPHONEOS_DEPLOYMENT_TARGET = 16.2;
				MTL_ENABLE_DEBUG_INFO = NO;
				MTL_FAST_MATH = YES;
				SDKROOT = iphoneos;
				SWIFT_COMPILATION_MODE = wholemodule;
				SWIFT_OPTIMIZATION_LEVEL = "-O";
				VALIDATE_PRODUCT = YES;
			};
			name = Release;
		};
		D9B29E80296F509E003E8825 /* Debug */ = {
			isa = XCBuildConfiguration;
			buildSettings = {
				ASSETCATALOG_COMPILER_APPICON_NAME = AppIcon;
				ASSETCATALOG_COMPILER_GLOBAL_ACCENT_COLOR_NAME = AccentColor;
				CODE_SIGN_STYLE = Automatic;
				CURRENT_PROJECT_VERSION = 1;
				DEVELOPMENT_ASSET_PATHS = "AppleMusic/Resources/Preview\\ Content";
				DEVELOPMENT_TEAM = 76N9URDUCT;
				ENABLE_PREVIEWS = YES;
				GENERATE_INFOPLIST_FILE = YES;
				INFOPLIST_KEY_UIApplicationSceneManifest_Generation = YES;
				INFOPLIST_KEY_UIApplicationSupportsIndirectInputEvents = YES;
				INFOPLIST_KEY_UILaunchScreen_Generation = YES;
				INFOPLIST_KEY_UISupportedInterfaceOrientations_iPad = "UIInterfaceOrientationPortrait UIInterfaceOrientationPortraitUpsideDown UIInterfaceOrientationLandscapeLeft UIInterfaceOrientationLandscapeRight";
				INFOPLIST_KEY_UISupportedInterfaceOrientations_iPhone = "UIInterfaceOrientationPortrait UIInterfaceOrientationLandscapeLeft UIInterfaceOrientationLandscapeRight";
				LD_RUNPATH_SEARCH_PATHS = (
					"$(inherited)",
					"@executable_path/Frameworks",
				);
				MARKETING_VERSION = 1.0;
				PRODUCT_BUNDLE_IDENTIFIER = ArtemGalay.AppleMusic;
				PRODUCT_NAME = "$(TARGET_NAME)";
				SWIFT_EMIT_LOC_STRINGS = YES;
				SWIFT_VERSION = 5.0;
				TARGETED_DEVICE_FAMILY = "1,2";
			};
			name = Debug;
		};
		D9B29E81296F509E003E8825 /* Release */ = {
			isa = XCBuildConfiguration;
			buildSettings = {
				ASSETCATALOG_COMPILER_APPICON_NAME = AppIcon;
				ASSETCATALOG_COMPILER_GLOBAL_ACCENT_COLOR_NAME = AccentColor;
				CODE_SIGN_STYLE = Automatic;
				CURRENT_PROJECT_VERSION = 1;
				DEVELOPMENT_ASSET_PATHS = "AppleMusic/Resources/Preview\\ Content";
				DEVELOPMENT_TEAM = 76N9URDUCT;
				ENABLE_PREVIEWS = YES;
				GENERATE_INFOPLIST_FILE = YES;
				INFOPLIST_KEY_UIApplicationSceneManifest_Generation = YES;
				INFOPLIST_KEY_UIApplicationSupportsIndirectInputEvents = YES;
				INFOPLIST_KEY_UILaunchScreen_Generation = YES;
				INFOPLIST_KEY_UISupportedInterfaceOrientations_iPad = "UIInterfaceOrientationPortrait UIInterfaceOrientationPortraitUpsideDown UIInterfaceOrientationLandscapeLeft UIInterfaceOrientationLandscapeRight";
				INFOPLIST_KEY_UISupportedInterfaceOrientations_iPhone = "UIInterfaceOrientationPortrait UIInterfaceOrientationLandscapeLeft UIInterfaceOrientationLandscapeRight";
				LD_RUNPATH_SEARCH_PATHS = (
					"$(inherited)",
					"@executable_path/Frameworks",
				);
				MARKETING_VERSION = 1.0;
				PRODUCT_BUNDLE_IDENTIFIER = ArtemGalay.AppleMusic;
				PRODUCT_NAME = "$(TARGET_NAME)";
				SWIFT_EMIT_LOC_STRINGS = YES;
				SWIFT_VERSION = 5.0;
				TARGETED_DEVICE_FAMILY = "1,2";
			};
			name = Release;
		};
/* End XCBuildConfiguration section */

/* Begin XCConfigurationList section */
		D9B29E6C296F509D003E8825 /* Build configuration list for PBXProject "AppleMusic" */ = {
			isa = XCConfigurationList;
			buildConfigurations = (
				D9B29E7D296F509E003E8825 /* Debug */,
				D9B29E7E296F509E003E8825 /* Release */,
			);
			defaultConfigurationIsVisible = 0;
			defaultConfigurationName = Release;
		};
		D9B29E7F296F509E003E8825 /* Build configuration list for PBXNativeTarget "AppleMusic" */ = {
			isa = XCConfigurationList;
			buildConfigurations = (
				D9B29E80296F509E003E8825 /* Debug */,
				D9B29E81296F509E003E8825 /* Release */,
			);
			defaultConfigurationIsVisible = 0;
			defaultConfigurationName = Release;
		};
/* End XCConfigurationList section */
	};
	rootObject = D9B29E69296F509D003E8825 /* Project object */;
}
